
Microsoft Visual Studio Solution File, Format Version 12.00
# Visual Studio Version 17
VisualStudioVersion = 17.2.32414.248
MinimumVisualStudioVersion = 10.0.40219.1
Project("{FAE04EC0-301F-11D3-BF4B-00C04F79EFBC}") = "GitHub.Upload.API", "GitHub.Upload.API\GitHub.Upload.API.csproj", "{FE644193-B3CD-486A-80BD-D60AB335EFBB}"
EndProject
Global
	GlobalSection(SolutionConfigurationPlatforms) = preSolution
		Debug|Any CPU = Debug|Any CPU
		Release|Any CPU = Release|Any CPU
	EndGlobalSection
	GlobalSection(ProjectConfigurationPlatforms) = postSolution
		{FE644193-B3CD-486A-80BD-D60AB335EFBB}.Debug|Any CPU.ActiveCfg = Debug|Any CPU
		{FE644193-B3CD-486A-80BD-D60AB335EFBB}.Debug|Any CPU.Build.0 = Debug|Any CPU
		{FE644193-B3CD-486A-80BD-D60AB335EFBB}.Release|Any CPU.ActiveCfg = Release|Any CPU
		{FE644193-B3CD-486A-80BD-D60AB335EFBB}.Release|Any CPU.Build.0 = Release|Any CPU
	EndGlobalSection
	GlobalSection(SolutionProperties) = preSolution
		HideSolutionNode = FALSE
	EndGlobalSection
	GlobalSection(ExtensibilityGlobals) = postSolution
		SolutionGuid = {77F9EF6A-859F-416E-A046-7D7C7BCB45FC}
	EndGlobalSection
EndGlobal
